# This file is automatically @generated by Cargo.
# It is not intended for manual editing.
version = 3

[[package]]
name = "TSPL"
version = "0.0.11"
source = "registry+https://github.com/rust-lang/crates.io-index"
checksum = "3852206f1f698127c8630fd713ab018f655b30fdcbf983f38b593e64e9da3e69"
dependencies = [
 "highlight_error",
]

[[package]]
name = "highlight_error"
version = "0.1.1"
source = "registry+https://github.com/rust-lang/crates.io-index"
checksum = "809e18805660d7b6b2e2b9f316a5099521b5998d5cba4dda11b5157a21aaef03"

[[package]]
name = "inet-lifetimes"
version = "0.1.0"
dependencies = [
 "TSPL",
 "highlight_error",
 "nohash-hasher",
]

[[package]]
name = "nohash-hasher"
version = "0.2.0"
source = "registry+https://github.com/rust-lang/crates.io-index"
checksum = "2bf50223579dc7cdcfb3bfcacf7069ff68243f8c363f62ffa99cf000a6b9c451"
